{
  "name": "@types/readability",
  "version": "2.0.0-beta.8",
  "lockfileVersion": 1,
  "requires": true,
  "dependencies": {
    "@types/mozilla-readability": {
      "version": "0.1.4",
      "resolved": "https://registry.npmjs.org/@types/mozilla-readability/-/mozilla-readability-0.1.4.tgz",
      "integrity": "sha512-YOoxlAUc7iD/1S01fye0xmPpu1nUKb5LTMLZVv+VgAByhEwGuwXLhM9AUnEUtWSPQL7sFH0GBv8NuFcEXcN4Nw=="
    }
  }
}
